
Microsoft Visual Studio Solution File, Format Version 12.00
# Visual Studio Version 17
VisualStudioVersion = 17.3.32819.101
MinimumVisualStudioVersion = 10.0.40219.1
Project("{FAE04EC0-301F-11D3-BF4B-00C04F79EFBC}") = "Personal project", "Personal project\Personal project.csproj", "{8390117F-E29D-4D36-949C-C94CABE7E204}"
EndProject
Global
	GlobalSection(SolutionConfigurationPlatforms) = preSolution
		Debug|Any CPU = Debug|Any CPU
		Release|Any CPU = Release|Any CPU
	EndGlobalSection
	GlobalSection(ProjectConfigurationPlatforms) = postSolution
		{8390117F-E29D-4D36-949C-C94CABE7E204}.Debug|Any CPU.ActiveCfg = Debug|Any CPU
		{8390117F-E29D-4D36-949C-C94CABE7E204}.Debug|Any CPU.Build.0 = Debug|Any CPU
		{8390117F-E29D-4D36-949C-C94CABE7E204}.Release|Any CPU.ActiveCfg = Release|Any CPU
		{8390117F-E29D-4D36-949C-C94CABE7E204}.Release|Any CPU.Build.0 = Release|Any CPU
	EndGlobalSection
	GlobalSection(SolutionProperties) = preSolution
		HideSolutionNode = FALSE
	EndGlobalSection
	GlobalSection(ExtensibilityGlobals) = postSolution
		SolutionGuid = {3EFE7FCA-57D9-4334-BF61-9E1C23691761}
	EndGlobalSection
EndGlobal
